// !$*UTF8*$!
{
	archiveVersion = 1;
	classes = {
	};
	objectVersion = 77;
	objects = {

/* Begin PBXContainerItemProxy section */
		0A7F775D2CCA5885007AD5F0 /* PBXContainerItemProxy */ = {
			isa = PBXContainerItemProxy;
			containerPortal = 0A7F77442CCA5883007AD5F0 /* Project object */;
			proxyType = 1;
			remoteGlobalIDString = 0A7F774B2CCA5883007AD5F0;
			remoteInfo = "Salah Guide Testflight";
		};
		0A7F77672CCA5885007AD5F0 /* PBXContainerItemProxy */ = {
			isa = PBXContainerItemProxy;
			containerPortal = 0A7F77442CCA5883007AD5F0 /* Project object */;
			proxyType = 1;
			remoteGlobalIDString = 0A7F774B2CCA5883007AD5F0;
			remoteInfo = "Salah Guide Testflight";
		};
/* End PBXContainerItemProxy section */

/* Begin PBXFileReference section */
		0A7F774C2CCA5883007AD5F0 /* Salah Guide Testflight.app */ = {isa = PBXFileReference; explicitFileType = wrapper.application; includeInIndex = 0; path = "Salah Guide Testflight.app"; sourceTree = BUILT_PRODUCTS_DIR; };
		0A7F775C2CCA5885007AD5F0 /* Salah Guide TestflightTests.xctest */ = {isa = PBXFileReference; explicitFileType = wrapper.cfbundle; includeInIndex = 0; path = "Salah Guide TestflightTests.xctest"; sourceTree = BUILT_PRODUCTS_DIR; };
		0A7F77662CCA5885007AD5F0 /* Salah Guide TestflightUITests.xctest */ = {isa = PBXFileReference; explicitFileType = wrapper.cfbundle; includeInIndex = 0; path = "Salah Guide TestflightUITests.xctest"; sourceTree = BUILT_PRODUCTS_DIR; };
/* End PBXFileReference section */

/* Begin PBXFileSystemSynchronizedRootGroup section */
		0A7F774E2CCA5883007AD5F0 /* Salah Guide Testflight */ = {
			isa = PBXFileSystemSynchronizedRootGroup;
			path = "Salah Guide Testflight";
			sourceTree = "<group>";
		};
		0A7F775F2CCA5885007AD5F0 /* Salah Guide TestflightTests */ = {
			isa = PBXFileSystemSynchronizedRootGroup;
			path = "Salah Guide TestflightTests";
			sourceTree = "<group>";
		};
		0A7F77692CCA5885007AD5F0 /* Salah Guide TestflightUITests */ = {
			isa = PBXFileSystemSynchronizedRootGroup;
			path = "Salah Guide TestflightUITests";
			sourceTree = "<group>";
		};
/* End PBXFileSystemSynchronizedRootGroup section */

/* Begin PBXFrameworksBuildPhase section */
		0A7F77492CCA5883007AD5F0 /* Frameworks */ = {
			isa = PBXFrameworksBuildPhase;
			buildActionMask = 2147483647;
			files = (
			);
			runOnlyForDeploymentPostprocessing = 0;
		};
		0A7F77592CCA5885007AD5F0 /* Frameworks */ = {
			isa = PBXFrameworksBuildPhase;
			buildActionMask = 2147483647;
			files = (
			);
			runOnlyForDeploymentPostprocessing = 0;
		};
		0A7F77632CCA5885007AD5F0 /* Frameworks */ = {
			isa = PBXFrameworksBuildPhase;
			buildActionMask = 2147483647;
			files = (
			);
			runOnlyForDeploymentPostprocessing = 0;
		};
/* End PBXFrameworksBuildPhase section */

/* Begin PBXGroup section */
		0A7F77432CCA5883007AD5F0 = {
			isa = PBXGroup;
			children = (
				0A7F774E2CCA5883007AD5F0 /* Salah Guide Testflight */,
				0A7F775F2CCA5885007AD5F0 /* Salah Guide TestflightTests */,
				0A7F77692CCA5885007AD5F0 /* Salah Guide TestflightUITests */,
				0A7F774D2CCA5883007AD5F0 /* Products */,
			);
			sourceTree = "<group>";
		};
		0A7F774D2CCA5883007AD5F0 /* Products */ = {
			isa = PBXGroup;
			children = (
				0A7F774C2CCA5883007AD5F0 /* Salah Guide Testflight.app */,
				0A7F775C2CCA5885007AD5F0 /* Salah Guide TestflightTests.xctest */,
				0A7F77662CCA5885007AD5F0 /* Salah Guide TestflightUITests.xctest */,
			);
			name = Products;
			sourceTree = "<group>";
		};
/* End PBXGroup section */

/* Begin PBXNativeTarget section */
		0A7F774B2CCA5883007AD5F0 /* Salah Guide Testflight */ = {
			isa = PBXNativeTarget;
			buildConfigurationList = 0A7F77702CCA5885007AD5F0 /* Build configuration list for PBXNativeTarget "Salah Guide Testflight" */;
			buildPhases = (
				0A7F77482CCA5883007AD5F0 /* Sources */,
				0A7F77492CCA5883007AD5F0 /* Frameworks */,
				0A7F774A2CCA5883007AD5F0 /* Resources */,
			);
			buildRules = (
			);
			dependencies = (
			);
			fileSystemSynchronizedGroups = (
				0A7F774E2CCA5883007AD5F0 /* Salah Guide Testflight */,
			);
			name = "Salah Guide Testflight";
			packageProductDependencies = (
			);
			productName = "Salah Guide Testflight";
			productReference = 0A7F774C2CCA5883007AD5F0 /* Salah Guide Testflight.app */;
			productType = "com.apple.product-type.application";
		};
		0A7F775B2CCA5885007AD5F0 /* Salah Guide TestflightTests */ = {
			isa = PBXNativeTarget;
			buildConfigurationList = 0A7F77732CCA5885007AD5F0 /* Build configuration list for PBXNativeTarget "Salah Guide TestflightTests" */;
			buildPhases = (
				0A7F77582CCA5885007AD5F0 /* Sources */,
				0A7F77592CCA5885007AD5F0 /* Frameworks */,
				0A7F775A2CCA5885007AD5F0 /* Resources */,
			);
			buildRules = (
			);
			dependencies = (
				0A7F775E2CCA5885007AD5F0 /* PBXTargetDependency */,
			);
			fileSystemSynchronizedGroups = (
				0A7F775F2CCA5885007AD5F0 /* Salah Guide TestflightTests */,
			);
			name = "Salah Guide TestflightTests";
			packageProductDependencies = (
			);
			productName = "Salah Guide TestflightTests";
			productReference = 0A7F775C2CCA5885007AD5F0 /* Salah Guide TestflightTests.xctest */;
			productType = "com.apple.product-type.bundle.unit-test";
		};
		0A7F77652CCA5885007AD5F0 /* Salah Guide TestflightUITests */ = {
			isa = PBXNativeTarget;
			buildConfigurationList = 0A7F77762CCA5885007AD5F0 /* Build configuration list for PBXNativeTarget "Salah Guide TestflightUITests" */;
			buildPhases = (
				0A7F77622CCA5885007AD5F0 /* Sources */,
				0A7F77632CCA5885007AD5F0 /* Frameworks */,
				0A7F77642CCA5885007AD5F0 /* Resources */,
			);
			buildRules = (
			);
			dependencies = (
				0A7F77682CCA5885007AD5F0 /* PBXTargetDependency */,
			);
			fileSystemSynchronizedGroups = (
				0A7F77692CCA5885007AD5F0 /* Salah Guide TestflightUITests */,
			);
			name = "Salah Guide TestflightUITests";
			packageProductDependencies = (
			);
			productName = "Salah Guide TestflightUITests";
			productReference = 0A7F77662CCA5885007AD5F0 /* Salah Guide TestflightUITests.xctest */;
			productType = "com.apple.product-type.bundle.ui-testing";
		};
/* End PBXNativeTarget section */

/* Begin PBXProject section */
		0A7F77442CCA5883007AD5F0 /* Project object */ = {
			isa = PBXProject;
			attributes = {
				BuildIndependentTargetsInParallel = 1;
				LastSwiftUpdateCheck = 1600;
				LastUpgradeCheck = 1600;
				TargetAttributes = {
					0A7F774B2CCA5883007AD5F0 = {
						CreatedOnToolsVersion = 16.0;
					};
					0A7F775B2CCA5885007AD5F0 = {
						CreatedOnToolsVersion = 16.0;
						TestTargetID = 0A7F774B2CCA5883007AD5F0;
					};
					0A7F77652CCA5885007AD5F0 = {
						CreatedOnToolsVersion = 16.0;
						TestTargetID = 0A7F774B2CCA5883007AD5F0;
					};
				};
			};
			buildConfigurationList = 0A7F77472CCA5883007AD5F0 /* Build configuration list for PBXProject "Salah Guide Testflight" */;
			developmentRegion = en;
			hasScannedForEncodings = 0;
			knownRegions = (
				en,
				Base,
			);
			mainGroup = 0A7F77432CCA5883007AD5F0;
			minimizedProjectReferenceProxies = 1;
			preferredProjectObjectVersion = 77;
			productRefGroup = 0A7F774D2CCA5883007AD5F0 /* Products */;
			projectDirPath = "";
			projectRoot = "";
			targets = (
				0A7F774B2CCA5883007AD5F0 /* Salah Guide Testflight */,
				0A7F775B2CCA5885007AD5F0 /* Salah Guide TestflightTests */,
				0A7F77652CCA5885007AD5F0 /* Salah Guide TestflightUITests */,
			);
		};
/* End PBXProject section */

/* Begin PBXResourcesBuildPhase section */
		0A7F774A2CCA5883007AD5F0 /* Resources */ = {
			isa = PBXResourcesBuildPhase;
			buildActionMask = 2147483647;
			files = (
			);
			runOnlyForDeploymentPostprocessing = 0;
		};
		0A7F775A2CCA5885007AD5F0 /* Resources */ = {
			isa = PBXResourcesBuildPhase;
			buildActionMask = 2147483647;
			files = (
			);
			runOnlyForDeploymentPostprocessing = 0;
		};
		0A7F77642CCA5885007AD5F0 /* Resources */ = {
			isa = PBXResourcesBuildPhase;
			buildActionMask = 2147483647;
			files = (
			);
			runOnlyForDeploymentPostprocessing = 0;
		};
/* End PBXResourcesBuildPhase section */

/* Begin PBXSourcesBuildPhase section */
		0A7F77482CCA5883007AD5F0 /* Sources */ = {
			isa = PBXSourcesBuildPhase;
			buildActionMask = 2147483647;
			files = (
			);
			runOnlyForDeploymentPostprocessing = 0;
		};
		0A7F77582CCA5885007AD5F0 /* Sources */ = {
			isa = PBXSourcesBuildPhase;
			buildActionMask = 2147483647;
			files = (
			);
			runOnlyForDeploymentPostprocessing = 0;
		};
		0A7F77622CCA5885007AD5F0 /* Sources */ = {
			isa = PBXSourcesBuildPhase;
			buildActionMask = 2147483647;
			files = (
			);
			runOnlyForDeploymentPostprocessing = 0;
		};
/* End PBXSourcesBuildPhase section */

/* Begin PBXTargetDependency section */
		0A7F775E2CCA5885007AD5F0 /* PBXTargetDependency */ = {
			isa = PBXTargetDependency;
			target = 0A7F774B2CCA5883007AD5F0 /* Salah Guide Testflight */;
			targetProxy = 0A7F775D2CCA5885007AD5F0 /* PBXContainerItemProxy */;
		};
		0A7F77682CCA5885007AD5F0 /* PBXTargetDependency */ = {
			isa = PBXTargetDependency;
			target = 0A7F774B2CCA5883007AD5F0 /* Salah Guide Testflight */;
			targetProxy = 0A7F77672CCA5885007AD5F0 /* PBXContainerItemProxy */;
		};
/* End PBXTargetDependency section */

/* Begin XCBuildConfiguration section */
		0A7F776E2CCA5885007AD5F0 /* Debug */ = {
			isa = XCBuildConfiguration;
			buildSettings = {
				ALWAYS_SEARCH_USER_PATHS = NO;
				ASSETCATALOG_COMPILER_GENERATE_SWIFT_ASSET_SYMBOL_EXTENSIONS = YES;
				CLANG_ANALYZER_NONNULL = YES;
				CLANG_ANALYZER_NUMBER_OBJECT_CONVERSION = YES_AGGRESSIVE;
				CLANG_CXX_LANGUAGE_STANDARD = "gnu++20";
				CLANG_ENABLE_MODULES = YES;
				CLANG_ENABLE_OBJC_ARC = YES;
				CLANG_ENABLE_OBJC_WEAK = YES;
				CLANG_WARN_BLOCK_CAPTURE_AUTORELEASING = YES;
				CLANG_WARN_BOOL_CONVERSION = YES;
				CLANG_WARN_COMMA = YES;
				CLANG_WARN_CONSTANT_CONVERSION = YES;
				CLANG_WARN_DEPRECATED_OBJC_IMPLEMENTATIONS = YES;
				CLANG_WARN_DIRECT_OBJC_ISA_USAGE = YES_ERROR;
				CLANG_WARN_DOCUMENTATION_COMMENTS = YES;
				CLANG_WARN_EMPTY_BODY = YES;
				CLANG_WARN_ENUM_CONVERSION = YES;
				CLANG_WARN_INFINITE_RECURSION = YES;
				CLANG_WARN_INT_CONVERSION = YES;
				CLANG_WARN_NON_LITERAL_NULL_CONVERSION = YES;
				CLANG_WARN_OBJC_IMPLICIT_RETAIN_SELF = YES;
				CLANG_WARN_OBJC_LITERAL_CONVERSION = YES;
				CLANG_WARN_OBJC_ROOT_CLASS = YES_ERROR;
				CLANG_WARN_QUOTED_INCLUDE_IN_FRAMEWORK_HEADER = YES;
				CLANG_WARN_RANGE_LOOP_ANALYSIS = YES;
				CLANG_WARN_STRICT_PROTOTYPES = YES;
				CLANG_WARN_SUSPICIOUS_MOVE = YES;
				CLANG_WARN_UNGUARDED_AVAILABILITY = YES_AGGRESSIVE;
				CLANG_WARN_UNREACHABLE_CODE = YES;
				CLANG_WARN__DUPLICATE_METHOD_MATCH = YES;
				COPY_PHASE_STRIP = NO;
				DEBUG_INFORMATION_FORMAT = dwarf;
				ENABLE_STRICT_OBJC_MSGSEND = YES;
				ENABLE_TESTABILITY = YES;
				ENABLE_USER_SCRIPT_SANDBOXING = YES;
				GCC_C_LANGUAGE_STANDARD = gnu17;
				GCC_DYNAMIC_NO_PIC = NO;
				GCC_NO_COMMON_BLOCKS = YES;
				GCC_OPTIMIZATION_LEVEL = 0;
				GCC_PREPROCESSOR_DEFINITIONS = (
					"DEBUG=1",
					"$(inherited)",
				);
				GCC_WARN_64_TO_32_BIT_CONVERSION = YES;
				GCC_WARN_ABOUT_RETURN_TYPE = YES_ERROR;
				GCC_WARN_UNDECLARED_SELECTOR = YES;
				GCC_WARN_UNINITIALIZED_AUTOS = YES_AGGRESSIVE;
				GCC_WARN_UNUSED_FUNCTION = YES;
				GCC_WARN_UNUSED_VARIABLE = YES;
				IPHONEOS_DEPLOYMENT_TARGET = 18.0;
				LOCALIZATION_PREFERS_STRING_CATALOGS = YES;
				MTL_ENABLE_DEBUG_INFO = INCLUDE_SOURCE;
				MTL_FAST_MATH = YES;
				ONLY_ACTIVE_ARCH = YES;
				SDKROOT = iphoneos;
				SWIFT_ACTIVE_COMPILATION_CONDITIONS = "DEBUG $(inherited)";
				SWIFT_OPTIMIZATION_LEVEL = "-Onone";
			};
			name = Debug;
		};
		0A7F776F2CCA5885007AD5F0 /* Release */ = {
			isa = XCBuildConfiguration;
			buildSettings = {
				ALWAYS_SEARCH_USER_PATHS = NO;
				ASSETCATALOG_COMPILER_GENERATE_SWIFT_ASSET_SYMBOL_EXTENSIONS = YES;
				CLANG_ANALYZER_NONNULL = YES;
				CLANG_ANALYZER_NUMBER_OBJECT_CONVERSION = YES_AGGRESSIVE;
				CLANG_CXX_LANGUAGE_STANDARD = "gnu++20";
				CLANG_ENABLE_MODULES = YES;
				CLANG_ENABLE_OBJC_ARC = YES;
				CLANG_ENABLE_OBJC_WEAK = YES;
				CLANG_WARN_BLOCK_CAPTURE_AUTORELEASING = YES;
				CLANG_WARN_BOOL_CONVERSION = YES;
				CLANG_WARN_COMMA = YES;
				CLANG_WARN_CONSTANT_CONVERSION = YES;
				CLANG_WARN_DEPRECATED_OBJC_IMPLEMENTATIONS = YES;
				CLANG_WARN_DIRECT_OBJC_ISA_USAGE = YES_ERROR;
				CLANG_WARN_DOCUMENTATION_COMMENTS = YES;
				CLANG_WARN_EMPTY_BODY = YES;
				CLANG_WARN_ENUM_CONVERSION = YES;
				CLANG_WARN_INFINITE_RECURSION = YES;
				CLANG_WARN_INT_CONVERSION = YES;
				CLANG_WARN_NON_LITERAL_NULL_CONVERSION = YES;
				CLANG_WARN_OBJC_IMPLICIT_RETAIN_SELF = YES;
				CLANG_WARN_OBJC_LITERAL_CONVERSION = YES;
				CLANG_WARN_OBJC_ROOT_CLASS = YES_ERROR;
				CLANG_WARN_QUOTED_INCLUDE_IN_FRAMEWORK_HEADER = YES;
				CLANG_WARN_RANGE_LOOP_ANALYSIS = YES;
				CLANG_WARN_STRICT_PROTOTYPES = YES;
				CLANG_WARN_SUSPICIOUS_MOVE = YES;
				CLANG_WARN_UNGUARDED_AVAILABILITY = YES_AGGRESSIVE;
				CLANG_WARN_UNREACHABLE_CODE = YES;
				CLANG_WARN__DUPLICATE_METHOD_MATCH = YES;
				COPY_PHASE_STRIP = NO;
				DEBUG_INFORMATION_FORMAT = "dwarf-with-dsym";
				ENABLE_NS_ASSERTIONS = NO;
				ENABLE_STRICT_OBJC_MSGSEND = YES;
				ENABLE_USER_SCRIPT_SANDBOXING = YES;
				GCC_C_LANGUAGE_STANDARD = gnu17;
				GCC_NO_COMMON_BLOCKS = YES;
				GCC_WARN_64_TO_32_BIT_CONVERSION = YES;
				GCC_WARN_ABOUT_RETURN_TYPE = YES_ERROR;
				GCC_WARN_UNDECLARED_SELECTOR = YES;
				GCC_WARN_UNINITIALIZED_AUTOS = YES_AGGRESSIVE;
				GCC_WARN_UNUSED_FUNCTION = YES;
				GCC_WARN_UNUSED_VARIABLE = YES;
				IPHONEOS_DEPLOYMENT_TARGET = 18.0;
				LOCALIZATION_PREFERS_STRING_CATALOGS = YES;
				MTL_ENABLE_DEBUG_INFO = NO;
				MTL_FAST_MATH = YES;
				SDKROOT = iphoneos;
				SWIFT_COMPILATION_MODE = wholemodule;
				VALIDATE_PRODUCT = YES;
			};
			name = Release;
		};
		0A7F77712CCA5885007AD5F0 /* Debug */ = {
			isa = XCBuildConfiguration;
			buildSettings = {
				ASSETCATALOG_COMPILER_APPICON_NAME = AppIcon;
				ASSETCATALOG_COMPILER_GLOBAL_ACCENT_COLOR_NAME = AccentColor;
				CODE_SIGN_STYLE = Automatic;
				CURRENT_PROJECT_VERSION = 1;
				DEVELOPMENT_ASSET_PATHS = "\"Salah Guide Testflight/Preview Content\"";
				DEVELOPMENT_TEAM = M7Y4YB9B4K;
				ENABLE_PREVIEWS = YES;
				GENERATE_INFOPLIST_FILE = YES;
				INFOPLIST_KEY_UIApplicationSceneManifest_Generation = YES;
				INFOPLIST_KEY_UIApplicationSupportsIndirectInputEvents = YES;
				INFOPLIST_KEY_UILaunchScreen_Generation = YES;
				INFOPLIST_KEY_UISupportedInterfaceOrientations_iPad = "UIInterfaceOrientationPortrait UIInterfaceOrientationPortraitUpsideDown UIInterfaceOrientationLandscapeLeft UIInterfaceOrientationLandscapeRight";
				INFOPLIST_KEY_UISupportedInterfaceOrientations_iPhone = "UIInterfaceOrientationPortrait UIInterfaceOrientationLandscapeLeft UIInterfaceOrientationLandscapeRight";
				LD_RUNPATH_SEARCH_PATHS = (
					"$(inherited)",
					"@executable_path/Frameworks",
				);
				MARKETING_VERSION = 1.0;
				PRODUCT_BUNDLE_IDENTIFIER = "Salah-Guide.Salah-Guide-Testflight";
				PRODUCT_NAME = "$(TARGET_NAME)";
				SWIFT_EMIT_LOC_STRINGS = YES;
				SWIFT_VERSION = 5.0;
				TARGETED_DEVICE_FAMILY = "1,2";
			};
			name = Debug;
		};
		0A7F77722CCA5885007AD5F0 /* Release */ = {
			isa = XCBuildConfiguration;
			buildSettings = {
				ASSETCATALOG_COMPILER_APPICON_NAME = AppIcon;
				ASSETCATALOG_COMPILER_GLOBAL_ACCENT_COLOR_NAME = AccentColor;
				CODE_SIGN_STYLE = Automatic;
				CURRENT_PROJECT_VERSION = 1;
				DEVELOPMENT_ASSET_PATHS = "\"Salah Guide Testflight/Preview Content\"";
				DEVELOPMENT_TEAM = M7Y4YB9B4K;
				ENABLE_PREVIEWS = YES;
				GENERATE_INFOPLIST_FILE = YES;
				INFOPLIST_KEY_UIApplicationSceneManifest_Generation = YES;
				INFOPLIST_KEY_UIApplicationSupportsIndirectInputEvents = YES;
				INFOPLIST_KEY_UILaunchScreen_Generation = YES;
				INFOPLIST_KEY_UISupportedInterfaceOrientations_iPad = "UIInterfaceOrientationPortrait UIInterfaceOrientationPortraitUpsideDown UIInterfaceOrientationLandscapeLeft UIInterfaceOrientationLandscapeRight";
				INFOPLIST_KEY_UISupportedInterfaceOrientations_iPhone = "UIInterfaceOrientationPortrait UIInterfaceOrientationLandscapeLeft UIInterfaceOrientationLandscapeRight";
				LD_RUNPATH_SEARCH_PATHS = (
					"$(inherited)",
					"@executable_path/Frameworks",
				);
				MARKETING_VERSION = 1.0;
				PRODUCT_BUNDLE_IDENTIFIER = "Salah-Guide.Salah-Guide-Testflight";
				PRODUCT_NAME = "$(TARGET_NAME)";
				SWIFT_EMIT_LOC_STRINGS = YES;
				SWIFT_VERSION = 5.0;
				TARGETED_DEVICE_FAMILY = "1,2";
			};
			name = Release;
		};
		0A7F77742CCA5885007AD5F0 /* Debug */ = {
			isa = XCBuildConfiguration;
			buildSettings = {
				BUNDLE_LOADER = "$(TEST_HOST)";
				CODE_SIGN_STYLE = Automatic;
				CURRENT_PROJECT_VERSION = 1;
				DEVELOPMENT_TEAM = M7Y4YB9B4K;
				GENERATE_INFOPLIST_FILE = YES;
				IPHONEOS_DEPLOYMENT_TARGET = 18.0;
				MARKETING_VERSION = 1.0;
				PRODUCT_BUNDLE_IDENTIFIER = "Salah-Guide.Salah-Guide-TestflightTests";
				PRODUCT_NAME = "$(TARGET_NAME)";
				SWIFT_EMIT_LOC_STRINGS = NO;
				SWIFT_VERSION = 5.0;
				TARGETED_DEVICE_FAMILY = "1,2";
				TEST_HOST = "$(BUILT_PRODUCTS_DIR)/Salah Guide Testflight.app/$(BUNDLE_EXECUTABLE_FOLDER_PATH)/Salah Guide Testflight";
			};
			name = Debug;
		};
		0A7F77752CCA5885007AD5F0 /* Release */ = {
			isa = XCBuildConfiguration;
			buildSettings = {
				BUNDLE_LOADER = "$(TEST_HOST)";
				CODE_SIGN_STYLE = Automatic;
				CURRENT_PROJECT_VERSION = 1;
				DEVELOPMENT_TEAM = M7Y4YB9B4K;
				GENERATE_INFOPLIST_FILE = YES;
				IPHONEOS_DEPLOYMENT_TARGET = 18.0;
				MARKETING_VERSION = 1.0;
				PRODUCT_BUNDLE_IDENTIFIER = "Salah-Guide.Salah-Guide-TestflightTests";
				PRODUCT_NAME = "$(TARGET_NAME)";
				SWIFT_EMIT_LOC_STRINGS = NO;
				SWIFT_VERSION = 5.0;
				TARGETED_DEVICE_FAMILY = "1,2";
				TEST_HOST = "$(BUILT_PRODUCTS_DIR)/Salah Guide Testflight.app/$(BUNDLE_EXECUTABLE_FOLDER_PATH)/Salah Guide Testflight";
			};
			name = Release;
		};
		0A7F77772CCA5885007AD5F0 /* Debug */ = {
			isa = XCBuildConfiguration;
			buildSettings = {
				CODE_SIGN_STYLE = Automatic;
				CURRENT_PROJECT_VERSION = 1;
				DEVELOPMENT_TEAM = M7Y4YB9B4K;
				GENERATE_INFOPLIST_FILE = YES;
				MARKETING_VERSION = 1.0;
				PRODUCT_BUNDLE_IDENTIFIER = "Salah-Guide.Salah-Guide-TestflightUITests";
				PRODUCT_NAME = "$(TARGET_NAME)";
				SWIFT_EMIT_LOC_STRINGS = NO;
				SWIFT_VERSION = 5.0;
				TARGETED_DEVICE_FAMILY = "1,2";
				TEST_TARGET_NAME = "Salah Guide Testflight";
			};
			name = Debug;
		};
		0A7F77782CCA5885007AD5F0 /* Release */ = {
			isa = XCBuildConfiguration;
			buildSettings = {
				CODE_SIGN_STYLE = Automatic;
				CURRENT_PROJECT_VERSION = 1;
				DEVELOPMENT_TEAM = M7Y4YB9B4K;
				GENERATE_INFOPLIST_FILE = YES;
				MARKETING_VERSION = 1.0;
				PRODUCT_BUNDLE_IDENTIFIER = "Salah-Guide.Salah-Guide-TestflightUITests";
				PRODUCT_NAME = "$(TARGET_NAME)";
				SWIFT_EMIT_LOC_STRINGS = NO;
				SWIFT_VERSION = 5.0;
				TARGETED_DEVICE_FAMILY = "1,2";
				TEST_TARGET_NAME = "Salah Guide Testflight";
			};
			name = Release;
		};
/* End XCBuildConfiguration section */

/* Begin XCConfigurationList section */
		0A7F77472CCA5883007AD5F0 /* Build configuration list for PBXProject "Salah Guide Testflight" */ = {
			isa = XCConfigurationList;
			buildConfigurations = (
				0A7F776E2CCA5885007AD5F0 /* Debug */,
				0A7F776F2CCA5885007AD5F0 /* Release */,
			);
			defaultConfigurationIsVisible = 0;
			defaultConfigurationName = Release;
		};
		0A7F77702CCA5885007AD5F0 /* Build configuration list for PBXNativeTarget "Salah Guide Testflight" */ = {
			isa = XCConfigurationList;
			buildConfigurations = (
				0A7F77712CCA5885007AD5F0 /* Debug */,
				0A7F77722CCA5885007AD5F0 /* Release */,
			);
			defaultConfigurationIsVisible = 0;
			defaultConfigurationName = Release;
		};
		0A7F77732CCA5885007AD5F0 /* Build configuration list for PBXNativeTarget "Salah Guide TestflightTests" */ = {
			isa = XCConfigurationList;
			buildConfigurations = (
				0A7F77742CCA5885007AD5F0 /* Debug */,
				0A7F77752CCA5885007AD5F0 /* Release */,
			);
			defaultConfigurationIsVisible = 0;
			defaultConfigurationName = Release;
		};
		0A7F77762CCA5885007AD5F0 /* Build configuration list for PBXNativeTarget "Salah Guide TestflightUITests" */ = {
			isa = XCConfigurationList;
			buildConfigurations = (
				0A7F77772CCA5885007AD5F0 /* Debug */,
				0A7F77782CCA5885007AD5F0 /* Release */,
			);
			defaultConfigurationIsVisible = 0;
			defaultConfigurationName = Release;
		};
/* End XCConfigurationList section */
	};
	rootObject = 0A7F77442CCA5883007AD5F0 /* Project object */;
}
